
Microsoft Visual Studio Solution File, Format Version 12.00
# Visual Studio Version 16
VisualStudioVersion = 16.0.31402.337
MinimumVisualStudioVersion = 10.0.40219.1
Project("{9A19103F-16F7-4668-BE54-9A1E7A4F7556}") = "BlazingPizza.Server", "BlazingPizza\Server\BlazingPizza.Server.csproj", "{5F920BC5-F9B8-4DF9-A7D5-B20B9887CBAA}"
EndProject
Project("{9A19103F-16F7-4668-BE54-9A1E7A4F7556}") = "BlazingPizza.Client", "BlazingPizza\Client\BlazingPizza.Client.csproj", "{50544497-0936-40C3-B75E-A6C6D1A26C12}"
EndProject
Project("{9A19103F-16F7-4668-BE54-9A1E7A4F7556}") = "BlazingPizza.Shared", "BlazingPizza\Shared\BlazingPizza.Shared.csproj", "{34D28122-6833-4140-993A-5F62912DE038}"
EndProject
Global
	GlobalSection(SolutionConfigurationPlatforms) = preSolution
		Debug|Any CPU = Debug|Any CPU
		Release|Any CPU = Release|Any CPU
	EndGlobalSection
	GlobalSection(ProjectConfigurationPlatforms) = postSolution
		{5F920BC5-F9B8-4DF9-A7D5-B20B9887CBAA}.Debug|Any CPU.ActiveCfg = Debug|Any CPU
		{5F920BC5-F9B8-4DF9-A7D5-B20B9887CBAA}.Debug|Any CPU.Build.0 = Debug|Any CPU
		{5F920BC5-F9B8-4DF9-A7D5-B20B9887CBAA}.Release|Any CPU.ActiveCfg = Release|Any CPU
		{5F920BC5-F9B8-4DF9-A7D5-B20B9887CBAA}.Release|Any CPU.Build.0 = Release|Any CPU
		{50544497-0936-40C3-B75E-A6C6D1A26C12}.Debug|Any CPU.ActiveCfg = Debug|Any CPU
		{50544497-0936-40C3-B75E-A6C6D1A26C12}.Debug|Any CPU.Build.0 = Debug|Any CPU
		{50544497-0936-40C3-B75E-A6C6D1A26C12}.Release|Any CPU.ActiveCfg = Release|Any CPU
		{50544497-0936-40C3-B75E-A6C6D1A26C12}.Release|Any CPU.Build.0 = Release|Any CPU
		{34D28122-6833-4140-993A-5F62912DE038}.Debug|Any CPU.ActiveCfg = Debug|Any CPU
		{34D28122-6833-4140-993A-5F62912DE038}.Debug|Any CPU.Build.0 = Debug|Any CPU
		{34D28122-6833-4140-993A-5F62912DE038}.Release|Any CPU.ActiveCfg = Release|Any CPU
		{34D28122-6833-4140-993A-5F62912DE038}.Release|Any CPU.Build.0 = Release|Any CPU
	EndGlobalSection
	GlobalSection(SolutionProperties) = preSolution
		HideSolutionNode = FALSE
	EndGlobalSection
	GlobalSection(ExtensibilityGlobals) = postSolution
		SolutionGuid = {53491CB3-0006-4951-BBA4-26D1D8C8976E}
	EndGlobalSection
EndGlobal
